
Microsoft Visual Studio Solution File, Format Version 12.00
# Visual Studio Version 17
VisualStudioVersion = 17.0.31903.59
MinimumVisualStudioVersion = 10.0.40219.1
Project("{FAE04EC0-301F-11D3-BF4B-00C04F79EFBC}") = "UseSkiaSharp", "src\UseSkiaSharp\UseSkiaSharp.csproj", "{A00D437E-A8C3-D009-5BAF-07BF5205B752}"
EndProject
Project("{2150E333-8FDC-42A3-9474-1A3956D46DE8}") = "Rust", "Rust", "{2A1B3C4D-5E6F-4789-8A9B-0C1D2E3F4A5B}"
	ProjectSection(SolutionItems) = preProject
		rust\Cargo.toml = rust\Cargo.toml
		rust\lib.rs = rust\lib.rs
	EndProjectSection
EndProject
Project("{2150E333-8FDC-42A3-9474-1A3956D46DE8}") = "Solution Items", "Solution Items", "{75EF7E13-0658-4FBD-9BE4-D650AE330132}"
	ProjectSection(SolutionItems) = preProject
		Prerequisites.md = Prerequisites.md
	EndProjectSection
EndProject
Global
	GlobalSection(SolutionConfigurationPlatforms) = preSolution
		Debug|Any CPU = Debug|Any CPU
		Debug|x64 = Debug|x64
		Debug|x86 = Debug|x86
		Release|Any CPU = Release|Any CPU
		Release|x64 = Release|x64
		Release|x86 = Release|x86
	EndGlobalSection
	GlobalSection(ProjectConfigurationPlatforms) = postSolution
		{A00D437E-A8C3-D009-5BAF-07BF5205B752}.Debug|Any CPU.ActiveCfg = Debug|Any CPU
		{A00D437E-A8C3-D009-5BAF-07BF5205B752}.Debug|Any CPU.Build.0 = Debug|Any CPU
		{A00D437E-A8C3-D009-5BAF-07BF5205B752}.Debug|Any CPU.Deploy.0 = Debug|Any CPU
		{A00D437E-A8C3-D009-5BAF-07BF5205B752}.Debug|x64.ActiveCfg = Debug|Any CPU
		{A00D437E-A8C3-D009-5BAF-07BF5205B752}.Debug|x64.Build.0 = Debug|Any CPU
		{A00D437E-A8C3-D009-5BAF-07BF5205B752}.Debug|x86.ActiveCfg = Debug|Any CPU
		{A00D437E-A8C3-D009-5BAF-07BF5205B752}.Debug|x86.Build.0 = Debug|Any CPU
		{A00D437E-A8C3-D009-5BAF-07BF5205B752}.Release|Any CPU.ActiveCfg = Release|Any CPU
		{A00D437E-A8C3-D009-5BAF-07BF5205B752}.Release|Any CPU.Build.0 = Release|Any CPU
		{A00D437E-A8C3-D009-5BAF-07BF5205B752}.Release|x64.ActiveCfg = Release|Any CPU
		{A00D437E-A8C3-D009-5BAF-07BF5205B752}.Release|x64.Build.0 = Release|Any CPU
		{A00D437E-A8C3-D009-5BAF-07BF5205B752}.Release|x86.ActiveCfg = Release|Any CPU
		{A00D437E-A8C3-D009-5BAF-07BF5205B752}.Release|x86.Build.0 = Release|Any CPU
	EndGlobalSection
	GlobalSection(SolutionProperties) = preSolution
		HideSolutionNode = FALSE
	EndGlobalSection
	GlobalSection(ExtensibilityGlobals) = postSolution
		SolutionGuid = {26553C7E-0246-4DEA-89E2-97D961D56C0B}
	EndGlobalSection
EndGlobal
